
Microsoft Visual Studio Solution File, Format Version 12.00
# Visual Studio 15
VisualStudioVersion = 15.0.28010.2050
MinimumVisualStudioVersion = 10.0.40219.1
Project("{FAE04EC0-301F-11D3-BF4B-00C04F79EFBC}") = "Point of Sale Midterm", "Point of Sale Midterm\Point of Sale Midterm.csproj", "{641429F4-CA58-424A-ABF9-201E426D3B2A}"
EndProject
Global
	GlobalSection(SolutionConfigurationPlatforms) = preSolution
		Debug|Any CPU = Debug|Any CPU
		Release|Any CPU = Release|Any CPU
	EndGlobalSection
	GlobalSection(ProjectConfigurationPlatforms) = postSolution
		{641429F4-CA58-424A-ABF9-201E426D3B2A}.Debug|Any CPU.ActiveCfg = Debug|Any CPU
		{641429F4-CA58-424A-ABF9-201E426D3B2A}.Debug|Any CPU.Build.0 = Debug|Any CPU
		{641429F4-CA58-424A-ABF9-201E426D3B2A}.Release|Any CPU.ActiveCfg = Release|Any CPU
		{641429F4-CA58-424A-ABF9-201E426D3B2A}.Release|Any CPU.Build.0 = Release|Any CPU
	EndGlobalSection
	GlobalSection(SolutionProperties) = preSolution
		HideSolutionNode = FALSE
	EndGlobalSection
	GlobalSection(ExtensibilityGlobals) = postSolution
		SolutionGuid = {CD2CEBD9-4434-4CA4-958D-E1BDE45B3A34}
	EndGlobalSection
EndGlobal
